<?xml version="1.0" encoding="utf-8"?>
<Project ToolsVersion="4.0" xmlns="http://schemas.microsoft.com/developer/msbuild/2003">
  <ItemGroup>
    <Filter Include="components">
      <UniqueIdentifier>{cf98f06f-f8ed-421e-99cd-d997819288d7}</UniqueIdentifier>
    </Filter>
    <Filter Include="components\color">
      <UniqueIdentifier>{42d5ab54-8fcd-4790-b3c6-420e9d8eabb5}</UniqueIdentifier>
    </Filter>
    <Filter Include="components\editor">
      <UniqueIdentifier>{b73ba6af-a1fb-404c-973f-21de955a678c}</UniqueIdentifier>
    </Filter>
    <Filter Include="components\geo">
      <UniqueIdentifier>{65787996-3317-4aa3-b30d-7a094f9a7901}</UniqueIdentifier>
    </Filter>
    <Filter Include="tools">
      <UniqueIdentifier>{f3b50370-c0ba-4181-8571-a46e39920ca5}</UniqueIdentifier>
    </Filter>
    <Filter Include="components\asset">
      <UniqueIdentifier>{b4896b09-cef5-4f2f-a652-ed2b90508435}</UniqueIdentifier>
    </Filter>
    <Filter Include="components\default">
      <UniqueIdentifier>{33b214e0-a3e4-45c8-9645-9bbf45504eb1}</UniqueIdentifier>
    </Filter>
    <Filter Include="editop">
      <UniqueIdentifier>{21f1aebf-1c6e-4d3f-8b3b-c203f7bd21f1}</UniqueIdentifier>
    </Filter>
    <Filter Include="components\patch">
      <UniqueIdentifier>{5e9be663-6698-4cad-a50d-50a34715c18b}</UniqueIdentifier>
    </Filter>
  </ItemGroup>
  <ItemGroup>
    <ClCompile Include="..\..\..\source\RegistCallback.cpp" />
    <ClCompile Include="..\..\..\source\N2CompColorCommon.cpp">
      <Filter>components\color</Filter>
    </ClCompile>
    <ClCompile Include="..\..\..\source\N2CompColorMap.cpp">
      <Filter>components\color</Filter>
    </ClCompile>
    <ClCompile Include="..\..\..\source\N2CompTransform.cpp">
      <Filter>components\geo</Filter>
    </ClCompile>
    <ClCompile Include="..\..\..\source\N2CompImage.cpp">
      <Filter>components\asset</Filter>
    </ClCompile>
    <ClCompile Include="..\..\..\source\N2CompMask.cpp">
      <Filter>components\asset</Filter>
    </ClCompile>
    <ClCompile Include="..\..\..\source\N2CompSprite2.cpp">
      <Filter>components\asset</Filter>
    </ClCompile>
    <ClCompile Include="..\..\..\source\N2CompText.cpp">
      <Filter>components\asset</Filter>
    </ClCompile>
    <ClCompile Include="..\..\..\source\EE0CompNodeEditor.cpp">
      <Filter>components\editor</Filter>
    </ClCompile>
    <ClCompile Include="..\..\..\source\N3CompAABB.cpp">
      <Filter>components\geo</Filter>
    </ClCompile>
    <ClCompile Include="..\..\..\source\N3CompTransform.cpp">
      <Filter>components\geo</Filter>
    </ClCompile>
    <ClCompile Include="..\..\..\source\N3CompModel.cpp">
      <Filter>components\asset</Filter>
    </ClCompile>
    <ClCompile Include="..\..\..\source\NodeFactory.cpp">
      <Filter>tools</Filter>
    </ClCompile>
    <ClCompile Include="..\..\..\source\NodeSerializer.cpp">
      <Filter>tools</Filter>
    </ClCompile>
    <ClCompile Include="..\..\..\source\CompSerializer.cpp">
      <Filter>tools</Filter>
    </ClCompile>
    <ClCompile Include="..\..\..\source\N2CompScale9.cpp">
      <Filter>components\asset</Filter>
    </ClCompile>
    <ClCompile Include="..\..\..\source\N2CompComplex.cpp">
      <Filter>components\asset</Filter>
    </ClCompile>
    <ClCompile Include="..\..\..\source\EditOpSerializer.cpp">
      <Filter>editop</Filter>
    </ClCompile>
    <ClCompile Include="..\..\..\source\N2CompNodePatch.cpp">
      <Filter>components\patch</Filter>
    </ClCompile>
  </ItemGroup>
  <ItemGroup>
    <ClInclude Include="..\..\..\include\ns\NodeComponent.h" />
    <ClInclude Include="..\..\..\include\ns\CompType.h" />
    <ClInclude Include="..\..\..\include\ns\RegistCallback.h" />
    <ClInclude Include="..\..\..\include\ns\N2CompColorCommon.h">
      <Filter>components\color</Filter>
    </ClInclude>
    <ClInclude Include="..\..\..\include\ns\N2CompColorMap.h">
      <Filter>components\color</Filter>
    </ClInclude>
    <ClInclude Include="..\..\..\include\ns\N2CompTransform.h">
      <Filter>components\geo</Filter>
    </ClInclude>
    <ClInclude Include="..\..\..\include\ns\N2CompImage.h">
      <Filter>components\asset</Filter>
    </ClInclude>
    <ClInclude Include="..\..\..\include\ns\N2CompMask.h">
      <Filter>components\asset</Filter>
    </ClInclude>
    <ClInclude Include="..\..\..\include\ns\N2CompSprite2.h">
      <Filter>components\asset</Filter>
    </ClInclude>
    <ClInclude Include="..\..\..\include\ns\N2CompText.h">
      <Filter>components\asset</Filter>
    </ClInclude>
    <ClInclude Include="..\..\..\include\ns\EE0CompNodeEditor.h">
      <Filter>components\editor</Filter>
    </ClInclude>
    <ClInclude Include="..\..\..\include\ns\N3CompAABB.h">
      <Filter>components\geo</Filter>
    </ClInclude>
    <ClInclude Include="..\..\..\include\ns\N3CompTransform.h">
      <Filter>components\geo</Filter>
    </ClInclude>
    <ClInclude Include="..\..\..\include\ns\N3CompModel.h">
      <Filter>components\asset</Filter>
    </ClInclude>
    <ClInclude Include="..\..\..\include\ns\NodeFactory.h">
      <Filter>tools</Filter>
    </ClInclude>
    <ClInclude Include="..\..\..\include\ns\NodeSerializer.h">
      <Filter>tools</Filter>
    </ClInclude>
    <ClInclude Include="..\..\..\include\ns\CompSerializer.h">
      <Filter>tools</Filter>
    </ClInclude>
    <ClInclude Include="..\..\..\include\ns\N2CompScale9.h">
      <Filter>components\asset</Filter>
    </ClInclude>
    <ClInclude Include="..\..\..\include\ns\N2CompComplex.h">
      <Filter>components\asset</Filter>
    </ClInclude>
    <ClInclude Include="..\..\..\include\ns\CompNoSerialize.h">
      <Filter>components\default</Filter>
    </ClInclude>
    <ClInclude Include="..\..\..\include\ns\EditOpSerializer.h">
      <Filter>editop</Filter>
    </ClInclude>
    <ClInclude Include="..\..\..\include\ns\N2CompNodePatch.h">
      <Filter>components\patch</Filter>
    </ClInclude>
  </ItemGroup>
</Project>